// !$*UTF8*$!
{
	archiveVersion = 1;
	classes = {
	};
	objectVersion = 50;
	objects = {

/* Begin PBXBuildFile section */
		7C653EFF24F7A72F00903A16 /* AppDelegate.swift in Sources */ = {isa = PBXBuildFile; fileRef = 7C653EFE24F7A72F00903A16 /* AppDelegate.swift */; };
		7C653F0124F7A72F00903A16 /* SceneDelegate.swift in Sources */ = {isa = PBXBuildFile; fileRef = 7C653F0024F7A72F00903A16 /* SceneDelegate.swift */; };
		7C653F0324F7A72F00903A16 /* ListViewController.swift in Sources */ = {isa = PBXBuildFile; fileRef = 7C653F0224F7A72F00903A16 /* ListViewController.swift */; };
		7C653F0624F7A72F00903A16 /* Main.storyboard in Resources */ = {isa = PBXBuildFile; fileRef = 7C653F0424F7A72F00903A16 /* Main.storyboard */; };
		7C653F0A24F7A73000903A16 /* Assets.xcassets in Resources */ = {isa = PBXBuildFile; fileRef = 7C653F0924F7A73000903A16 /* Assets.xcassets */; };
		7C653F0D24F7A73000903A16 /* LaunchScreen.storyboard in Resources */ = {isa = PBXBuildFile; fileRef = 7C653F0B24F7A73000903A16 /* LaunchScreen.storyboard */; };
		7C653F1924F7AA9400903A16 /* CourseViewModel.swift in Sources */ = {isa = PBXBuildFile; fileRef = 7C653F1824F7AA9400903A16 /* CourseViewModel.swift */; };
		7C653F1B24F7AAB400903A16 /* CourseCell.swift in Sources */ = {isa = PBXBuildFile; fileRef = 7C653F1A24F7AAB400903A16 /* CourseCell.swift */; };
		7C653F1D24F7AAC800903A16 /* Course.swift in Sources */ = {isa = PBXBuildFile; fileRef = 7C653F1C24F7AAC800903A16 /* Course.swift */; };
		7C653F2024F7AB8800903A16 /* Service.swift in Sources */ = {isa = PBXBuildFile; fileRef = 7C653F1F24F7AB8800903A16 /* Service.swift */; };
/* End PBXBuildFile section */

/* Begin PBXFileReference section */
		7C653EFB24F7A72F00903A16 /* Practice-MVVM.app */ = {isa = PBXFileReference; explicitFileType = wrapper.application; includeInIndex = 0; path = "Practice-MVVM.app"; sourceTree = BUILT_PRODUCTS_DIR; };
		7C653EFE24F7A72F00903A16 /* AppDelegate.swift */ = {isa = PBXFileReference; lastKnownFileType = sourcecode.swift; path = AppDelegate.swift; sourceTree = "<group>"; };
		7C653F0024F7A72F00903A16 /* SceneDelegate.swift */ = {isa = PBXFileReference; lastKnownFileType = sourcecode.swift; path = SceneDelegate.swift; sourceTree = "<group>"; };
		7C653F0224F7A72F00903A16 /* ListViewController.swift */ = {isa = PBXFileReference; lastKnownFileType = sourcecode.swift; path = ListViewController.swift; sourceTree = "<group>"; };
		7C653F0524F7A72F00903A16 /* Base */ = {isa = PBXFileReference; lastKnownFileType = file.storyboard; name = Base; path = Base.lproj/Main.storyboard; sourceTree = "<group>"; };
		7C653F0924F7A73000903A16 /* Assets.xcassets */ = {isa = PBXFileReference; lastKnownFileType = folder.assetcatalog; path = Assets.xcassets; sourceTree = "<group>"; };
		7C653F0C24F7A73000903A16 /* Base */ = {isa = PBXFileReference; lastKnownFileType = file.storyboard; name = Base; path = Base.lproj/LaunchScreen.storyboard; sourceTree = "<group>"; };
		7C653F0E24F7A73000903A16 /* Info.plist */ = {isa = PBXFileReference; lastKnownFileType = text.plist.xml; path = Info.plist; sourceTree = "<group>"; };
		7C653F1824F7AA9400903A16 /* CourseViewModel.swift */ = {isa = PBXFileReference; lastKnownFileType = sourcecode.swift; path = CourseViewModel.swift; sourceTree = "<group>"; };
		7C653F1A24F7AAB400903A16 /* CourseCell.swift */ = {isa = PBXFileReference; fileEncoding = 4; lastKnownFileType = sourcecode.swift; path = CourseCell.swift; sourceTree = "<group>"; };
		7C653F1C24F7AAC800903A16 /* Course.swift */ = {isa = PBXFileReference; fileEncoding = 4; lastKnownFileType = sourcecode.swift; path = Course.swift; sourceTree = "<group>"; };
		7C653F1F24F7AB8800903A16 /* Service.swift */ = {isa = PBXFileReference; fileEncoding = 4; lastKnownFileType = sourcecode.swift; path = Service.swift; sourceTree = "<group>"; };
/* End PBXFileReference section */

/* Begin PBXFrameworksBuildPhase section */
		7C653EF824F7A72F00903A16 /* Frameworks */ = {
			isa = PBXFrameworksBuildPhase;
			buildActionMask = 2147483647;
			files = (
			);
			runOnlyForDeploymentPostprocessing = 0;
		};
/* End PBXFrameworksBuildPhase section */

/* Begin PBXGroup section */
		7C653EF224F7A72F00903A16 = {
			isa = PBXGroup;
			children = (
				7C653EFD24F7A72F00903A16 /* Practice-MVVM */,
				7C653EFC24F7A72F00903A16 /* Products */,
			);
			sourceTree = "<group>";
		};
		7C653EFC24F7A72F00903A16 /* Products */ = {
			isa = PBXGroup;
			children = (
				7C653EFB24F7A72F00903A16 /* Practice-MVVM.app */,
			);
			name = Products;
			sourceTree = "<group>";
		};
		7C653EFD24F7A72F00903A16 /* Practice-MVVM */ = {
			isa = PBXGroup;
			children = (
				7C653F1624F7A99C00903A16 /* Models */,
				7C653F1524F7A98C00903A16 /* Views */,
				7C653F1424F7A98100903A16 /* ViewModel */,
				7C653F1724F7A9D800903A16 /* Controllers */,
				7C653F1E24F7AB8800903A16 /* Service */,
				7C653EFE24F7A72F00903A16 /* AppDelegate.swift */,
				7C653F0024F7A72F00903A16 /* SceneDelegate.swift */,
				7C653F0424F7A72F00903A16 /* Main.storyboard */,
				7C653F0924F7A73000903A16 /* Assets.xcassets */,
				7C653F0B24F7A73000903A16 /* LaunchScreen.storyboard */,
				7C653F0E24F7A73000903A16 /* Info.plist */,
			);
			path = "Practice-MVVM";
			sourceTree = "<group>";
		};
		7C653F1424F7A98100903A16 /* ViewModel */ = {
			isa = PBXGroup;
			children = (
				7C653F1824F7AA9400903A16 /* CourseViewModel.swift */,
			);
			path = ViewModel;
			sourceTree = "<group>";
		};
		7C653F1524F7A98C00903A16 /* Views */ = {
			isa = PBXGroup;
			children = (
				7C653F1A24F7AAB400903A16 /* CourseCell.swift */,
			);
			path = Views;
			sourceTree = "<group>";
		};
		7C653F1624F7A99C00903A16 /* Models */ = {
			isa = PBXGroup;
			children = (
				7C653F1C24F7AAC800903A16 /* Course.swift */,
			);
			path = Models;
			sourceTree = "<group>";
		};
		7C653F1724F7A9D800903A16 /* Controllers */ = {
			isa = PBXGroup;
			children = (
				7C653F0224F7A72F00903A16 /* ListViewController.swift */,
			);
			path = Controllers;
			sourceTree = "<group>";
		};
		7C653F1E24F7AB8800903A16 /* Service */ = {
			isa = PBXGroup;
			children = (
				7C653F1F24F7AB8800903A16 /* Service.swift */,
			);
			path = Service;
			sourceTree = "<group>";
		};
/* End PBXGroup section */

/* Begin PBXNativeTarget section */
		7C653EFA24F7A72F00903A16 /* Practice-MVVM */ = {
			isa = PBXNativeTarget;
			buildConfigurationList = 7C653F1124F7A73000903A16 /* Build configuration list for PBXNativeTarget "Practice-MVVM" */;
			buildPhases = (
				7C653EF724F7A72F00903A16 /* Sources */,
				7C653EF824F7A72F00903A16 /* Frameworks */,
				7C653EF924F7A72F00903A16 /* Resources */,
			);
			buildRules = (
			);
			dependencies = (
			);
			name = "Practice-MVVM";
			productName = "Practice-MVVM";
			productReference = 7C653EFB24F7A72F00903A16 /* Practice-MVVM.app */;
			productType = "com.apple.product-type.application";
		};
/* End PBXNativeTarget section */

/* Begin PBXProject section */
		7C653EF324F7A72F00903A16 /* Project object */ = {
			isa = PBXProject;
			attributes = {
				LastSwiftUpdateCheck = 1200;
				LastUpgradeCheck = 1200;
				TargetAttributes = {
					7C653EFA24F7A72F00903A16 = {
						CreatedOnToolsVersion = 12.0;
					};
				};
			};
			buildConfigurationList = 7C653EF624F7A72F00903A16 /* Build configuration list for PBXProject "Practice-MVVM" */;
			compatibilityVersion = "Xcode 9.3";
			developmentRegion = en;
			hasScannedForEncodings = 0;
			knownRegions = (
				en,
				Base,
			);
			mainGroup = 7C653EF224F7A72F00903A16;
			productRefGroup = 7C653EFC24F7A72F00903A16 /* Products */;
			projectDirPath = "";
			projectRoot = "";
			targets = (
				7C653EFA24F7A72F00903A16 /* Practice-MVVM */,
			);
		};
/* End PBXProject section */

/* Begin PBXResourcesBuildPhase section */
		7C653EF924F7A72F00903A16 /* Resources */ = {
			isa = PBXResourcesBuildPhase;
			buildActionMask = 2147483647;
			files = (
				7C653F0D24F7A73000903A16 /* LaunchScreen.storyboard in Resources */,
				7C653F0A24F7A73000903A16 /* Assets.xcassets in Resources */,
				7C653F0624F7A72F00903A16 /* Main.storyboard in Resources */,
			);
			runOnlyForDeploymentPostprocessing = 0;
		};
/* End PBXResourcesBuildPhase section */

/* Begin PBXSourcesBuildPhase section */
		7C653EF724F7A72F00903A16 /* Sources */ = {
			isa = PBXSourcesBuildPhase;
			buildActionMask = 2147483647;
			files = (
				7C653F1D24F7AAC800903A16 /* Course.swift in Sources */,
				7C653F2024F7AB8800903A16 /* Service.swift in Sources */,
				7C653F0324F7A72F00903A16 /* ListViewController.swift in Sources */,
				7C653F1924F7AA9400903A16 /* CourseViewModel.swift in Sources */,
				7C653EFF24F7A72F00903A16 /* AppDelegate.swift in Sources */,
				7C653F0124F7A72F00903A16 /* SceneDelegate.swift in Sources */,
				7C653F1B24F7AAB400903A16 /* CourseCell.swift in Sources */,
			);
			runOnlyForDeploymentPostprocessing = 0;
		};
/* End PBXSourcesBuildPhase section */

/* Begin PBXVariantGroup section */
		7C653F0424F7A72F00903A16 /* Main.storyboard */ = {
			isa = PBXVariantGroup;
			children = (
				7C653F0524F7A72F00903A16 /* Base */,
			);
			name = Main.storyboard;
			sourceTree = "<group>";
		};
		7C653F0B24F7A73000903A16 /* LaunchScreen.storyboard */ = {
			isa = PBXVariantGroup;
			children = (
				7C653F0C24F7A73000903A16 /* Base */,
			);
			name = LaunchScreen.storyboard;
			sourceTree = "<group>";
		};
/* End PBXVariantGroup section */

/* Begin XCBuildConfiguration section */
		7C653F0F24F7A73000903A16 /* Debug */ = {
			isa = XCBuildConfiguration;
			buildSettings = {
				ALWAYS_SEARCH_USER_PATHS = NO;
				CLANG_ANALYZER_NONNULL = YES;
				CLANG_ANALYZER_NUMBER_OBJECT_CONVERSION = YES_AGGRESSIVE;
				CLANG_CXX_LANGUAGE_STANDARD = "gnu++14";
				CLANG_CXX_LIBRARY = "libc++";
				CLANG_ENABLE_MODULES = YES;
				CLANG_ENABLE_OBJC_ARC = YES;
				CLANG_ENABLE_OBJC_WEAK = YES;
				CLANG_WARN_BLOCK_CAPTURE_AUTORELEASING = YES;
				CLANG_WARN_BOOL_CONVERSION = YES;
				CLANG_WARN_COMMA = YES;
				CLANG_WARN_CONSTANT_CONVERSION = YES;
				CLANG_WARN_DEPRECATED_OBJC_IMPLEMENTATIONS = YES;
				CLANG_WARN_DIRECT_OBJC_ISA_USAGE = YES_ERROR;
				CLANG_WARN_DOCUMENTATION_COMMENTS = YES;
				CLANG_WARN_EMPTY_BODY = YES;
				CLANG_WARN_ENUM_CONVERSION = YES;
				CLANG_WARN_INFINITE_RECURSION = YES;
				CLANG_WARN_INT_CONVERSION = YES;
				CLANG_WARN_NON_LITERAL_NULL_CONVERSION = YES;
				CLANG_WARN_OBJC_IMPLICIT_RETAIN_SELF = YES;
				CLANG_WARN_OBJC_LITERAL_CONVERSION = YES;
				CLANG_WARN_OBJC_ROOT_CLASS = YES_ERROR;
				CLANG_WARN_QUOTED_INCLUDE_IN_FRAMEWORK_HEADER = YES;
				CLANG_WARN_RANGE_LOOP_ANALYSIS = YES;
				CLANG_WARN_STRICT_PROTOTYPES = YES;
				CLANG_WARN_SUSPICIOUS_MOVE = YES;
				CLANG_WARN_UNGUARDED_AVAILABILITY = YES_AGGRESSIVE;
				CLANG_WARN_UNREACHABLE_CODE = YES;
				CLANG_WARN__DUPLICATE_METHOD_MATCH = YES;
				COPY_PHASE_STRIP = NO;
				DEBUG_INFORMATION_FORMAT = dwarf;
				ENABLE_STRICT_OBJC_MSGSEND = YES;
				ENABLE_TESTABILITY = YES;
				GCC_C_LANGUAGE_STANDARD = gnu11;
				GCC_DYNAMIC_NO_PIC = NO;
				GCC_NO_COMMON_BLOCKS = YES;
				GCC_OPTIMIZATION_LEVEL = 0;
				GCC_PREPROCESSOR_DEFINITIONS = (
					"DEBUG=1",
					"$(inherited)",
				);
				GCC_WARN_64_TO_32_BIT_CONVERSION = YES;
				GCC_WARN_ABOUT_RETURN_TYPE = YES_ERROR;
				GCC_WARN_UNDECLARED_SELECTOR = YES;
				GCC_WARN_UNINITIALIZED_AUTOS = YES_AGGRESSIVE;
				GCC_WARN_UNUSED_FUNCTION = YES;
				GCC_WARN_UNUSED_VARIABLE = YES;
				IPHONEOS_DEPLOYMENT_TARGET = 14.0;
				MTL_ENABLE_DEBUG_INFO = INCLUDE_SOURCE;
				MTL_FAST_MATH = YES;
				ONLY_ACTIVE_ARCH = YES;
				SDKROOT = iphoneos;
				SWIFT_ACTIVE_COMPILATION_CONDITIONS = DEBUG;
				SWIFT_OPTIMIZATION_LEVEL = "-Onone";
			};
			name = Debug;
		};
		7C653F1024F7A73000903A16 /* Release */ = {
			isa = XCBuildConfiguration;
			buildSettings = {
				ALWAYS_SEARCH_USER_PATHS = NO;
				CLANG_ANALYZER_NONNULL = YES;
				CLANG_ANALYZER_NUMBER_OBJECT_CONVERSION = YES_AGGRESSIVE;
				CLANG_CXX_LANGUAGE_STANDARD = "gnu++14";
				CLANG_CXX_LIBRARY = "libc++";
				CLANG_ENABLE_MODULES = YES;
				CLANG_ENABLE_OBJC_ARC = YES;
				CLANG_ENABLE_OBJC_WEAK = YES;
				CLANG_WARN_BLOCK_CAPTURE_AUTORELEASING = YES;
				CLANG_WARN_BOOL_CONVERSION = YES;
				CLANG_WARN_COMMA = YES;
				CLANG_WARN_CONSTANT_CONVERSION = YES;
				CLANG_WARN_DEPRECATED_OBJC_IMPLEMENTATIONS = YES;
				CLANG_WARN_DIRECT_OBJC_ISA_USAGE = YES_ERROR;
				CLANG_WARN_DOCUMENTATION_COMMENTS = YES;
				CLANG_WARN_EMPTY_BODY = YES;
				CLANG_WARN_ENUM_CONVERSION = YES;
				CLANG_WARN_INFINITE_RECURSION = YES;
				CLANG_WARN_INT_CONVERSION = YES;
				CLANG_WARN_NON_LITERAL_NULL_CONVERSION = YES;
				CLANG_WARN_OBJC_IMPLICIT_RETAIN_SELF = YES;
				CLANG_WARN_OBJC_LITERAL_CONVERSION = YES;
				CLANG_WARN_OBJC_ROOT_CLASS = YES_ERROR;
				CLANG_WARN_QUOTED_INCLUDE_IN_FRAMEWORK_HEADER = YES;
				CLANG_WARN_RANGE_LOOP_ANALYSIS = YES;
				CLANG_WARN_STRICT_PROTOTYPES = YES;
				CLANG_WARN_SUSPICIOUS_MOVE = YES;
				CLANG_WARN_UNGUARDED_AVAILABILITY = YES_AGGRESSIVE;
				CLANG_WARN_UNREACHABLE_CODE = YES;
				CLANG_WARN__DUPLICATE_METHOD_MATCH = YES;
				COPY_PHASE_STRIP = NO;
				DEBUG_INFORMATION_FORMAT = "dwarf-with-dsym";
				ENABLE_NS_ASSERTIONS = NO;
				ENABLE_STRICT_OBJC_MSGSEND = YES;
				GCC_C_LANGUAGE_STANDARD = gnu11;
				GCC_NO_COMMON_BLOCKS = YES;
				GCC_WARN_64_TO_32_BIT_CONVERSION = YES;
				GCC_WARN_ABOUT_RETURN_TYPE = YES_ERROR;
				GCC_WARN_UNDECLARED_SELECTOR = YES;
				GCC_WARN_UNINITIALIZED_AUTOS = YES_AGGRESSIVE;
				GCC_WARN_UNUSED_FUNCTION = YES;
				GCC_WARN_UNUSED_VARIABLE = YES;
				IPHONEOS_DEPLOYMENT_TARGET = 14.0;
				MTL_ENABLE_DEBUG_INFO = NO;
				MTL_FAST_MATH = YES;
				SDKROOT = iphoneos;
				SWIFT_COMPILATION_MODE = wholemodule;
				SWIFT_OPTIMIZATION_LEVEL = "-O";
				VALIDATE_PRODUCT = YES;
			};
			name = Release;
		};
		7C653F1224F7A73000903A16 /* Debug */ = {
			isa = XCBuildConfiguration;
			buildSettings = {
				ASSETCATALOG_COMPILER_APPICON_NAME = AppIcon;
				ASSETCATALOG_COMPILER_GLOBAL_ACCENT_COLOR_NAME = AccentColor;
				CODE_SIGN_STYLE = Automatic;
				DEVELOPMENT_TEAM = Y57LT3DKL7;
				INFOPLIST_FILE = "Practice-MVVM/Info.plist";
				LD_RUNPATH_SEARCH_PATHS = (
					"$(inherited)",
					"@executable_path/Frameworks",
				);
				PRODUCT_BUNDLE_IDENTIFIER = "elcodestudio.Practice-MVVM";
				PRODUCT_NAME = "$(TARGET_NAME)";
				SWIFT_VERSION = 5.0;
				TARGETED_DEVICE_FAMILY = "1,2";
			};
			name = Debug;
		};
		7C653F1324F7A73000903A16 /* Release */ = {
			isa = XCBuildConfiguration;
			buildSettings = {
				ASSETCATALOG_COMPILER_APPICON_NAME = AppIcon;
				ASSETCATALOG_COMPILER_GLOBAL_ACCENT_COLOR_NAME = AccentColor;
				CODE_SIGN_STYLE = Automatic;
				DEVELOPMENT_TEAM = Y57LT3DKL7;
				INFOPLIST_FILE = "Practice-MVVM/Info.plist";
				LD_RUNPATH_SEARCH_PATHS = (
					"$(inherited)",
					"@executable_path/Frameworks",
				);
				PRODUCT_BUNDLE_IDENTIFIER = "elcodestudio.Practice-MVVM";
				PRODUCT_NAME = "$(TARGET_NAME)";
				SWIFT_VERSION = 5.0;
				TARGETED_DEVICE_FAMILY = "1,2";
			};
			name = Release;
		};
/* End XCBuildConfiguration section */

/* Begin XCConfigurationList section */
		7C653EF624F7A72F00903A16 /* Build configuration list for PBXProject "Practice-MVVM" */ = {
			isa = XCConfigurationList;
			buildConfigurations = (
				7C653F0F24F7A73000903A16 /* Debug */,
				7C653F1024F7A73000903A16 /* Release */,
			);
			defaultConfigurationIsVisible = 0;
			defaultConfigurationName = Release;
		};
		7C653F1124F7A73000903A16 /* Build configuration list for PBXNativeTarget "Practice-MVVM" */ = {
			isa = XCConfigurationList;
			buildConfigurations = (
				7C653F1224F7A73000903A16 /* Debug */,
				7C653F1324F7A73000903A16 /* Release */,
			);
			defaultConfigurationIsVisible = 0;
			defaultConfigurationName = Release;
		};
/* End XCConfigurationList section */
	};
	rootObject = 7C653EF324F7A72F00903A16 /* Project object */;
}
